
Microsoft Visual Studio Solution File, Format Version 12.00
# Visual Studio Version 17
VisualStudioVersion = 17.9.34728.123
MinimumVisualStudioVersion = 10.0.40219.1
Project("{9A19103F-16F7-4668-BE54-9A1E7A4F7556}") = "Module2", "Module2\Module2.csproj", "{DB6B15A7-ACFE-4C06-8CC3-20B1A11A86CC}"
EndProject
Project("{9A19103F-16F7-4668-BE54-9A1E7A4F7556}") = "DataAccess", "DataAccess\DataAccess.csproj", "{72CF3DAD-9782-4B52-A55A-7D624E1A1EE4}"
EndProject
Project("{FAE04EC0-301F-11D3-BF4B-00C04F79EFBC}") = "Commonlib", "Commonlib\Commonlib.csproj", "{D6CECA86-43CC-4FA5-867B-8CCC32BA8903}"
EndProject
Global
	GlobalSection(SolutionConfigurationPlatforms) = preSolution
		Debug|Any CPU = Debug|Any CPU
		Release|Any CPU = Release|Any CPU
	EndGlobalSection
	GlobalSection(ProjectConfigurationPlatforms) = postSolution
		{DB6B15A7-ACFE-4C06-8CC3-20B1A11A86CC}.Debug|Any CPU.ActiveCfg = Debug|Any CPU
		{DB6B15A7-ACFE-4C06-8CC3-20B1A11A86CC}.Debug|Any CPU.Build.0 = Debug|Any CPU
		{DB6B15A7-ACFE-4C06-8CC3-20B1A11A86CC}.Release|Any CPU.ActiveCfg = Release|Any CPU
		{DB6B15A7-ACFE-4C06-8CC3-20B1A11A86CC}.Release|Any CPU.Build.0 = Release|Any CPU
		{72CF3DAD-9782-4B52-A55A-7D624E1A1EE4}.Debug|Any CPU.ActiveCfg = Debug|Any CPU
		{72CF3DAD-9782-4B52-A55A-7D624E1A1EE4}.Debug|Any CPU.Build.0 = Debug|Any CPU
		{72CF3DAD-9782-4B52-A55A-7D624E1A1EE4}.Release|Any CPU.ActiveCfg = Release|Any CPU
		{72CF3DAD-9782-4B52-A55A-7D624E1A1EE4}.Release|Any CPU.Build.0 = Release|Any CPU
		{D6CECA86-43CC-4FA5-867B-8CCC32BA8903}.Debug|Any CPU.ActiveCfg = Debug|Any CPU
		{D6CECA86-43CC-4FA5-867B-8CCC32BA8903}.Debug|Any CPU.Build.0 = Debug|Any CPU
		{D6CECA86-43CC-4FA5-867B-8CCC32BA8903}.Release|Any CPU.ActiveCfg = Release|Any CPU
		{D6CECA86-43CC-4FA5-867B-8CCC32BA8903}.Release|Any CPU.Build.0 = Release|Any CPU
	EndGlobalSection
	GlobalSection(SolutionProperties) = preSolution
		HideSolutionNode = FALSE
	EndGlobalSection
	GlobalSection(ExtensibilityGlobals) = postSolution
		SolutionGuid = {FA2B9617-5E0C-4F83-A489-5BCC79EF32C0}
	EndGlobalSection
EndGlobal
